
Microsoft Visual Studio Solution File, Format Version 12.00
# Visual Studio Version 16
VisualStudioVersion = 16.0.29424.173
MinimumVisualStudioVersion = 10.0.40219.1
Project("{FAE04EC0-301F-11D3-BF4B-00C04F79EFBC}") = "HamAfarin", "HamAfarin\HamAfarin.csproj", "{2457EDED-1CF0-443F-9CDF-F1F035F13A79}"
EndProject
Project("{FAE04EC0-301F-11D3-BF4B-00C04F79EFBC}") = "DataLayer", "DataLayer\DataLayer.csproj", "{D869E89A-3E33-4C45-83EC-F6DC068A57D9}"
EndProject
Project("{FAE04EC0-301F-11D3-BF4B-00C04F79EFBC}") = "ViewModels", "ViewModels\ViewModels.csproj", "{0E66D359-A862-4D20-BA0E-E76147985AC3}"
EndProject
Global
	GlobalSection(SolutionConfigurationPlatforms) = preSolution
		Debug|Any CPU = Debug|Any CPU
		Release|Any CPU = Release|Any CPU
	EndGlobalSection
	GlobalSection(ProjectConfigurationPlatforms) = postSolution
		{2457EDED-1CF0-443F-9CDF-F1F035F13A79}.Debug|Any CPU.ActiveCfg = Debug|Any CPU
		{2457EDED-1CF0-443F-9CDF-F1F035F13A79}.Debug|Any CPU.Build.0 = Debug|Any CPU
		{2457EDED-1CF0-443F-9CDF-F1F035F13A79}.Release|Any CPU.ActiveCfg = Release|Any CPU
		{2457EDED-1CF0-443F-9CDF-F1F035F13A79}.Release|Any CPU.Build.0 = Release|Any CPU
		{D869E89A-3E33-4C45-83EC-F6DC068A57D9}.Debug|Any CPU.ActiveCfg = Debug|Any CPU
		{D869E89A-3E33-4C45-83EC-F6DC068A57D9}.Debug|Any CPU.Build.0 = Debug|Any CPU
		{D869E89A-3E33-4C45-83EC-F6DC068A57D9}.Release|Any CPU.ActiveCfg = Release|Any CPU
		{D869E89A-3E33-4C45-83EC-F6DC068A57D9}.Release|Any CPU.Build.0 = Release|Any CPU
		{0E66D359-A862-4D20-BA0E-E76147985AC3}.Debug|Any CPU.ActiveCfg = Debug|Any CPU
		{0E66D359-A862-4D20-BA0E-E76147985AC3}.Debug|Any CPU.Build.0 = Debug|Any CPU
		{0E66D359-A862-4D20-BA0E-E76147985AC3}.Release|Any CPU.ActiveCfg = Release|Any CPU
		{0E66D359-A862-4D20-BA0E-E76147985AC3}.Release|Any CPU.Build.0 = Release|Any CPU
	EndGlobalSection
	GlobalSection(SolutionProperties) = preSolution
		HideSolutionNode = FALSE
	EndGlobalSection
	GlobalSection(ExtensibilityGlobals) = postSolution
		SolutionGuid = {D781B6C1-4012-4612-BEE3-38EBDDCD0298}
	EndGlobalSection
EndGlobal
